Microsoft Visual Studio Solution File, Format Version 12.00
# Visual Studio Version 17
VisualStudioVersion = 17.5.2.0
MinimumVisualStudioVersion = 10.0.40219.1
Project("{FAE04EC0-301F-11D3-BF4B-00C04F79EFBC}") = "Billiards3D", "Billiards3D.csproj", "{9BAB5A4C-0BD0-C4DE-3677-65DCDA085EC0}"
EndProject
Global
	GlobalSection(SolutionConfigurationPlatforms) = preSolution
		Debug|Any CPU = Debug|Any CPU
		Release|Any CPU = Release|Any CPU
	EndGlobalSection
	GlobalSection(ProjectConfigurationPlatforms) = postSolution
		{9BAB5A4C-0BD0-C4DE-3677-65DCDA085EC0}.Debug|Any CPU.ActiveCfg = Debug|Any CPU
		{9BAB5A4C-0BD0-C4DE-3677-65DCDA085EC0}.Debug|Any CPU.Build.0 = Debug|Any CPU
		{9BAB5A4C-0BD0-C4DE-3677-65DCDA085EC0}.Release|Any CPU.ActiveCfg = Release|Any CPU
		{9BAB5A4C-0BD0-C4DE-3677-65DCDA085EC0}.Release|Any CPU.Build.0 = Release|Any CPU
	EndGlobalSection
	GlobalSection(SolutionProperties) = preSolution
		HideSolutionNode = FALSE
	EndGlobalSection
	GlobalSection(ExtensibilityGlobals) = postSolution
		SolutionGuid = {E1CEA92A-E063-48A9-846D-9A5CE7FB2370}
	EndGlobalSection
EndGlobal
